
Microsoft Visual Studio Solution File, Format Version 12.00
# Visual Studio 14
VisualStudioVersion = 14.0.25420.1
MinimumVisualStudioVersion = 10.0.40219.1
Project("{FAE04EC0-301F-11D3-BF4B-00C04F79EFBC}") = "RFEM_memberForces", "RFEM_memberForces\RFEM_memberForces.csproj", "{D8A795EE-B999-4366-9590-69355F82868E}"
EndProject
Global
	GlobalSection(SolutionConfigurationPlatforms) = preSolution
		Debug64|Any CPU = Debug64|Any CPU
		Release|Any CPU = Release|Any CPU
	EndGlobalSection
	GlobalSection(ProjectConfigurationPlatforms) = postSolution
		{D8A795EE-B999-4366-9590-69355F82868E}.Debug64|Any CPU.ActiveCfg = Debug64|Any CPU
		{D8A795EE-B999-4366-9590-69355F82868E}.Debug64|Any CPU.Build.0 = Debug64|Any CPU
		{D8A795EE-B999-4366-9590-69355F82868E}.Release|Any CPU.ActiveCfg = Release|Any CPU
		{D8A795EE-B999-4366-9590-69355F82868E}.Release|Any CPU.Build.0 = Release|Any CPU
	EndGlobalSection
	GlobalSection(SolutionProperties) = preSolution
		HideSolutionNode = FALSE
	EndGlobalSection
EndGlobal
